
Microsoft Visual Studio Solution File, Format Version 12.00
# Visual Studio 2013
VisualStudioVersion = 12.0.31101.0
MinimumVisualStudioVersion = 10.0.40219.1
Project("{FAE04EC0-301F-11D3-BF4B-00C04F79EFBC}") = "AIProject", "AIProject\AIProject.csproj", "{BA7F4F59-D6FC-4641-A3A5-08BF70C22E95}"
EndProject
Project("{FAE04EC0-301F-11D3-BF4B-00C04F79EFBC}") = "WinFormUI", "WinFormUI\WinFormUI.csproj", "{84404207-F67E-481B-9DE9-978C3C78B508}"
EndProject
Global
	GlobalSection(SolutionConfigurationPlatforms) = preSolution
		Debug|Any CPU = Debug|Any CPU
		Release|Any CPU = Release|Any CPU
	EndGlobalSection
	GlobalSection(ProjectConfigurationPlatforms) = postSolution
		{BA7F4F59-D6FC-4641-A3A5-08BF70C22E95}.Debug|Any CPU.ActiveCfg = Debug|Any CPU
		{BA7F4F59-D6FC-4641-A3A5-08BF70C22E95}.Debug|Any CPU.Build.0 = Debug|Any CPU
		{BA7F4F59-D6FC-4641-A3A5-08BF70C22E95}.Release|Any CPU.ActiveCfg = Release|Any CPU
		{BA7F4F59-D6FC-4641-A3A5-08BF70C22E95}.Release|Any CPU.Build.0 = Release|Any CPU
		{84404207-F67E-481B-9DE9-978C3C78B508}.Debug|Any CPU.ActiveCfg = Debug|Any CPU
		{84404207-F67E-481B-9DE9-978C3C78B508}.Debug|Any CPU.Build.0 = Debug|Any CPU
		{84404207-F67E-481B-9DE9-978C3C78B508}.Release|Any CPU.ActiveCfg = Release|Any CPU
		{84404207-F67E-481B-9DE9-978C3C78B508}.Release|Any CPU.Build.0 = Release|Any CPU
	EndGlobalSection
	GlobalSection(SolutionProperties) = preSolution
		HideSolutionNode = FALSE
	EndGlobalSection
EndGlobal
